
Microsoft Visual Studio Solution File, Format Version 12.00
# Visual Studio 2012
Project("{9092AA53-FB77-4645-B42D-1CCCA6BD08BD}") = "CarBuying", "CarBuying\CarBuying.njsproj", "{AED04866-07AE-4D9E-AEE8-BD1492ABCEB5}"
EndProject
Global
	GlobalSection(SolutionConfigurationPlatforms) = preSolution
		Debug|Any CPU = Debug|Any CPU
		Release|Any CPU = Release|Any CPU
	EndGlobalSection
	GlobalSection(ProjectConfigurationPlatforms) = postSolution
		{AED04866-07AE-4D9E-AEE8-BD1492ABCEB5}.Debug|Any CPU.ActiveCfg = Debug|Any CPU
		{AED04866-07AE-4D9E-AEE8-BD1492ABCEB5}.Debug|Any CPU.Build.0 = Debug|Any CPU
		{AED04866-07AE-4D9E-AEE8-BD1492ABCEB5}.Release|Any CPU.ActiveCfg = Release|Any CPU
		{AED04866-07AE-4D9E-AEE8-BD1492ABCEB5}.Release|Any CPU.Build.0 = Release|Any CPU
	EndGlobalSection
	GlobalSection(SolutionProperties) = preSolution
		HideSolutionNode = FALSE
	EndGlobalSection
EndGlobal
